
Microsoft Visual Studio Solution File, Format Version 12.00
# Visual Studio Version 17
VisualStudioVersion = 17.5.33627.172
MinimumVisualStudioVersion = 10.0.40219.1
Project("{9A19103F-16F7-4668-BE54-9A1E7A4F7556}") = "LibDz_infoBot", "LibDz_infoBot.csproj", "{4299666F-753B-441A-94A4-CC08A5089E74}"
EndProject
Project("{2150E333-8FDC-42A3-9474-1A3956D46DE8}") = "Solution Items", "Solution Items", "{D611398A-904C-4CE1-82C1-4966E73DDCB6}"
	ProjectSection(SolutionItems) = preProject
		.editorconfig = .editorconfig
	EndProjectSection
EndProject
Global
	GlobalSection(SolutionConfigurationPlatforms) = preSolution
		Debug|Any CPU = Debug|Any CPU
		Release|Any CPU = Release|Any CPU
	EndGlobalSection
	GlobalSection(ProjectConfigurationPlatforms) = postSolution
		{4299666F-753B-441A-94A4-CC08A5089E74}.Debug|Any CPU.ActiveCfg = Debug|Any CPU
		{4299666F-753B-441A-94A4-CC08A5089E74}.Debug|Any CPU.Build.0 = Debug|Any CPU
		{4299666F-753B-441A-94A4-CC08A5089E74}.Release|Any CPU.ActiveCfg = Release|Any CPU
		{4299666F-753B-441A-94A4-CC08A5089E74}.Release|Any CPU.Build.0 = Release|Any CPU
	EndGlobalSection
	GlobalSection(SolutionProperties) = preSolution
		HideSolutionNode = FALSE
	EndGlobalSection
	GlobalSection(ExtensibilityGlobals) = postSolution
		SolutionGuid = {BB490BBD-9E72-4C8A-ADFB-13F1FD216C7D}
	EndGlobalSection
EndGlobal
